{
    "hash": "18e0864240d4a9166eb617baef6d0a95",
    "packages": [
        {
            "name": "zendframework/zendframework",
            "version": "dev-master",
            "source": {
                "type": "git",
                "url": "git://github.com/zendframework/zf2.git",
                "reference": "a1a31fe0a33892cc4fded79ace93864f0372b43b"
            },
            "dist": {
                "type": "zip",
                "url": "https://github.com/zendframework/zf2/archive/a1a31fe0a33892cc4fded79ace93864f0372b43b.zip",
                "reference": "a1a31fe0a33892cc4fded79ace93864f0372b43b",
                "shasum": ""
            },
            "require": {
                "php": ">=5.3.3"
            },
            "replace": {
                "zendframework/zend-authentication": "self.version",
                "zendframework/zend-barcode": "self.version",
                "zendframework/zend-cache": "self.version",
                "zendframework/zend-captcha": "self.version",
                "zendframework/zend-code": "self.version",
                "zendframework/zend-config": "self.version",
                "zendframework/zend-console": "self.version",
                "zendframework/zend-crypt": "self.version",
                "zendframework/zend-db": "self.version",
                "zendframework/zend-di": "self.version",
                "zendframework/zend-dom": "self.version",
                "zendframework/zend-eventmanager": "self.version",
                "zendframework/zend-feed": "self.version",
                "zendframework/zend-file": "self.version",
                "zendframework/zend-filter": "self.version",
                "zendframework/zend-form": "self.version",
                "zendframework/zend-http": "self.version",
                "zendframework/zend-inputfilter": "self.version",
                "zendframework/zend-json": "self.version",
                "zendframework/zend-ldap": "self.version",
                "zendframework/zend-loader": "self.version",
                "zendframework/zend-log": "self.version",
                "zendframework/zend-mail": "self.version",
                "zendframework/zend-math": "self.version",
                "zendframework/zend-memory": "self.version",
                "zendframework/zend-mime": "self.version",
                "zendframework/zend-modulemanager": "self.version",
                "zendframework/zend-mvc": "self.version",
                "zendframework/zend-navigation": "self.version",
                "zendframework/zend-paginator": "self.version",
                "zendframework/zend-progressbar": "self.version",
                "zendframework/zend-serializer": "self.version",
                "zendframework/zend-server": "self.version",
                "zendframework/zend-servicemanager": "self.version",
                "zendframework/zend-session": "self.version",
                "zendframework/zend-soap": "self.version",
                "zendframework/zend-stdlib": "self.version",
                "zendframework/zend-tag": "self.version",
                "zendframework/zend-text": "self.version",
                "zendframework/zend-uri": "self.version",
                "zendframework/zend-validator": "self.version",
                "zendframework/zend-view": "self.version",
                "zendframework/zend-xmlrpc": "self.version",
                "zendframework/zend-escaper": "self.version",
                "zendframework/zend-i18n": "self.version",
                "zendframework/zend-debug": "self.version",
                "zendframework/zend-permissions-acl": "self.version",
                "zendframework/zend-version": "self.version"
            },
            "require-dev": {
                "doctrine/common": ">=2.1",
                "phpunit/phpunit": "3.7.*"
            },
            "suggest": {
                "doctrine/common": "Doctrine\\Common >=2.1 for annotation features",
                "ext-intl": "ext/intl for i18n features",
                "zendframework/zendservice-recaptcha": "ZendService\\ReCaptcha for rendering ReCaptchas in Zend\\Captcha and/or Zend\\Form",
                "zendframework/zendpdf": "ZendPdf for creating PDF representations of barcodes",
                "pecl-weakref": "Implementation of weak references for Zend\\Stdlib\\CallbackHandler"
            },
            "time": "2013-01-26 11:18:56",
            "bin": [
                "bin/classmap_generator.php"
            ],
            "type": "library",
            "extra": {
                "branch-alias": {
                    "dev-master": "2.0-dev",
                    "dev-develop": "2.1-dev"
                }
            },
            "autoload": {
                "psr-0": {
                    "Zend\\": "library/",
                    "ZendTest\\": "tests/"
                }
            },
            "notification-url": "https://packagist.org/downloads/",
            "license": [
                "BSD-3-Clause"
            ],
            "description": "Zend Framework 2",
            "homepage": "http://framework.zend.com/",
            "keywords": [
                "framework",
                "zf2"
            ]
        },
        {
            "name": "zendframework/zftool",
            "version": "dev-master",
            "source": {
                "type": "git",
                "url": "https://github.com/zendframework/ZFTool.git",
                "reference": "6dd8afc462f7f6a386890a90b8ec03006c64c004"
            },
            "dist": {
                "type": "zip",
                "url": "https://github.com/zendframework/ZFTool/archive/6dd8afc462f7f6a386890a90b8ec03006c64c004.zip",
                "reference": "6dd8afc462f7f6a386890a90b8ec03006c64c004",
                "shasum": ""
            },
            "require": {
                "php": ">=5.3.3",
                "zendframework/zend-mvc": ">=2.0.0",
                "zendframework/zend-modulemanager": ">=2.0.0",
                "zendframework/zend-console": ">=2.0.0",
                "zendframework/zend-view": ">=2.0.0",
                "zendframework/zend-stdlib": ">=2.0.0",
                "zendframework/zend-servicemanager": ">=2.0.0",
                "zendframework/zend-file": ">=2.0.0",
                "zendframework/zend-loader": ">=2.0.0",
                "zendframework/zend-version": ">=2.0.0",
                "zendframework/zend-text": ">=2.0.0",
                "zendframework/zend-code": ">=2.0.0",
                "zendframework/zend-config": ">=2.0.0"
            },
            "time": "2013-01-23 10:38:38",
            "type": "library",
            "autoload": {
                "psr-0": {
                    "ZFTool\\": "src/"
                }
            },
            "notification-url": "https://packagist.org/downloads/",
            "description": "Utility module for Zend Framework 2 applications.",
            "homepage": "http://framework.zend.com/",
            "keywords": [
                "zf2",
                "tool"
            ]
        }
    ],
    "packages-dev": null,
    "aliases": [

    ],
    "minimum-stability": "stable",
    "stability-flags": {
        "zendframework/zendframework": 20,
        "zendframework/zftool": 20
    }
}
