{
    "hash": "7dd1768cd894a5a669a08fedf1b77dbc",
    "packages": [
        {
            "name": "bjyoungblood/bjy-authorize",
            "version": "dev-master",
            "source": {
                "type": "git",
                "url": "git://github.com/bjyoungblood/BjyAuthorize.git",
                "reference": "fa06952df8b923564099920e62aa4b18b0bdbd8f"
            },
            "dist": {
                "type": "zip",
                "url": "https://api.github.com/repos/bjyoungblood/BjyAuthorize/zipball/fa06952df8b923564099920e62aa4b18b0bdbd8f",
                "reference": "fa06952df8b923564099920e62aa4b18b0bdbd8f",
                "shasum": ""
            },
            "require": {
                "php": ">=5.3.3",
                "zf-commons/zfc-base": "dev-master",
                "zf-commons/zfc-user": "dev-master",
                "zendframework/zendframework": "2.*"
            },
            "require-dev": {
                "doctrine/doctrine-orm-module": "0.*"
            },
            "suggest": {
                "zf-commons/zfc-user-doctrine-orm": "dev-master"
            },
            "time": "2013-02-01 18:06:52",
            "type": "library",
            "autoload": {
                "psr-0": {
                    "BjyAuthorize\\": "src/"
                }
            },
            "notification-url": "https://packagist.org/downloads/",
            "license": [
                "BSD-3-Clause"
            ],
            "authors": [
                {
                    "name": "Ben Youngblood",
                    "email": "bx.youngblood@gmail.com",
                    "homepage": "http://bjyoungblood.com/"
                }
            ],
            "description": "Zend\\Acl based firewall system for ZF2 dispatch protection",
            "homepage": "https://github.com/bjyoungblood/BjyAuthorize",
            "keywords": [
                "zf2",
                "acl",
                "zfc-user"
            ]
        },
        {
            "name": "zendframework/zendframework",
            "version": "dev-master",
            "source": {
                "type": "git",
                "url": "git://github.com/zendframework/zf2.git",
                "reference": "1c3a27e6f21a59def6d1de6bebca0b8de8d7d9ab"
            },
            "dist": {
                "type": "zip",
                "url": "https://api.github.com/repos/zendframework/zf2/zipball/1c3a27e6f21a59def6d1de6bebca0b8de8d7d9ab",
                "reference": "1c3a27e6f21a59def6d1de6bebca0b8de8d7d9ab",
                "shasum": ""
            },
            "require": {
                "php": ">=5.3.3"
            },
            "replace": {
                "zendframework/zend-authentication": "self.version",
                "zendframework/zend-barcode": "self.version",
                "zendframework/zend-cache": "self.version",
                "zendframework/zend-captcha": "self.version",
                "zendframework/zend-code": "self.version",
                "zendframework/zend-config": "self.version",
                "zendframework/zend-console": "self.version",
                "zendframework/zend-crypt": "self.version",
                "zendframework/zend-db": "self.version",
                "zendframework/zend-di": "self.version",
                "zendframework/zend-dom": "self.version",
                "zendframework/zend-eventmanager": "self.version",
                "zendframework/zend-feed": "self.version",
                "zendframework/zend-file": "self.version",
                "zendframework/zend-filter": "self.version",
                "zendframework/zend-form": "self.version",
                "zendframework/zend-http": "self.version",
                "zendframework/zend-inputfilter": "self.version",
                "zendframework/zend-json": "self.version",
                "zendframework/zend-ldap": "self.version",
                "zendframework/zend-loader": "self.version",
                "zendframework/zend-log": "self.version",
                "zendframework/zend-mail": "self.version",
                "zendframework/zend-math": "self.version",
                "zendframework/zend-memory": "self.version",
                "zendframework/zend-mime": "self.version",
                "zendframework/zend-modulemanager": "self.version",
                "zendframework/zend-mvc": "self.version",
                "zendframework/zend-navigation": "self.version",
                "zendframework/zend-paginator": "self.version",
                "zendframework/zend-progressbar": "self.version",
                "zendframework/zend-serializer": "self.version",
                "zendframework/zend-server": "self.version",
                "zendframework/zend-servicemanager": "self.version",
                "zendframework/zend-session": "self.version",
                "zendframework/zend-soap": "self.version",
                "zendframework/zend-stdlib": "self.version",
                "zendframework/zend-tag": "self.version",
                "zendframework/zend-text": "self.version",
                "zendframework/zend-uri": "self.version",
                "zendframework/zend-validator": "self.version",
                "zendframework/zend-view": "self.version",
                "zendframework/zend-xmlrpc": "self.version",
                "zendframework/zend-escaper": "self.version",
                "zendframework/zend-i18n": "self.version",
                "zendframework/zend-debug": "self.version",
                "zendframework/zend-permissions-acl": "self.version",
                "zendframework/zend-version": "self.version",
                "zendframework/zend-permissions-rbac": "self.version",
                "zendframework/zend-test": "self.version"
            },
            "require-dev": {
                "doctrine/common": ">=2.1",
                "phpunit/phpunit": "3.7.*"
            },
            "suggest": {
                "doctrine/common": "Doctrine\\Common >=2.1 for annotation features",
                "ext-intl": "ext/intl for i18n features",
                "zendframework/zendservice-recaptcha": "ZendService\\ReCaptcha for rendering ReCaptchas in Zend\\Captcha and/or Zend\\Form",
                "zendframework/zendpdf": "ZendPdf for creating PDF representations of barcodes",
                "pecl-weakref": "Implementation of weak references for Zend\\Stdlib\\CallbackHandler"
            },
            "time": "2013-02-01 22:11:24",
            "bin": [
                "bin/classmap_generator.php"
            ],
            "type": "library",
            "extra": {
                "branch-alias": {
                    "dev-master": "2.1-dev",
                    "dev-develop": "2.2-dev"
                }
            },
            "autoload": {
                "psr-0": {
                    "Zend\\": "library/",
                    "ZendTest\\": "tests/"
                }
            },
            "notification-url": "https://packagist.org/downloads/",
            "license": [
                "BSD-3-Clause"
            ],
            "description": "Zend Framework 2",
            "homepage": "http://framework.zend.com/",
            "keywords": [
                "framework",
                "zf2"
            ]
        },
        {
            "name": "zendframework/zftool",
            "version": "dev-master",
            "source": {
                "type": "git",
                "url": "https://github.com/zendframework/ZFTool.git",
                "reference": "4fd4b12ec45fd1a66999538383f9cc883ce5ea20"
            },
            "dist": {
                "type": "zip",
                "url": "https://api.github.com/repos/zendframework/ZFTool/zipball/4fd4b12ec45fd1a66999538383f9cc883ce5ea20",
                "reference": "4fd4b12ec45fd1a66999538383f9cc883ce5ea20",
                "shasum": ""
            },
            "require": {
                "php": ">=5.3.3",
                "zendframework/zend-mvc": ">=2.0.0",
                "zendframework/zend-modulemanager": ">=2.0.0",
                "zendframework/zend-console": ">=2.0.0",
                "zendframework/zend-view": ">=2.0.0",
                "zendframework/zend-stdlib": ">=2.0.0",
                "zendframework/zend-servicemanager": ">=2.0.0",
                "zendframework/zend-file": ">=2.0.0",
                "zendframework/zend-loader": ">=2.0.0",
                "zendframework/zend-version": ">=2.0.0",
                "zendframework/zend-text": ">=2.0.0",
                "zendframework/zend-code": ">=2.0.0",
                "zendframework/zend-config": ">=2.0.0"
            },
            "time": "2013-02-03 07:25:00",
            "type": "library",
            "autoload": {
                "psr-0": {
                    "ZFTool\\": "src/"
                }
            },
            "notification-url": "https://packagist.org/downloads/",
            "description": "Utility module for Zend Framework 2 applications.",
            "homepage": "http://framework.zend.com/",
            "keywords": [
                "zf2",
                "tool"
            ]
        },
        {
            "name": "zf-commons/zfc-admin",
            "version": "dev-master",
            "source": {
                "type": "git",
                "url": "https://github.com/ZF-Commons/ZfcAdmin",
                "reference": "a42d266149d9444d27528e3c3253295d80d59bf6"
            },
            "dist": {
                "type": "zip",
                "url": "https://api.github.com/repos/ZF-Commons/ZfcAdmin/zipball/a42d266149d9444d27528e3c3253295d80d59bf6",
                "reference": "a42d266149d9444d27528e3c3253295d80d59bf6",
                "shasum": ""
            },
            "require": {
                "php": ">=5.3.3",
                "zendframework/zendframework": "2.*"
            },
            "suggest": {
                "bjyoungblood/bjy-authorize": "Access control to protect ZfcAdmin against unauthorized users"
            },
            "time": "2012-10-30 07:58:51",
            "type": "library",
            "autoload": {
                "psr-0": {
                    "ZfcAdmin": "src/"
                },
                "classmap": [
                    "./Module.php"
                ]
            },
            "notification-url": "https://packagist.org/downloads/",
            "license": [
                "BSD-3-Clause"
            ],
            "authors": [
                {
                    "name": "Jurian Sluiman ",
                    "email": "jurian@juriansluiman.nl",
                    "homepage": "http://juriansluiman.nl/en/"
                },
                {
                    "name": "Martin Shwalbe",
                    "email": "martin.shwalbe@gmail.com",
                    "homepage": "http://hounddog.github.com"
                }
            ],
            "description": "A generic Admin module for ZF2.",
            "homepage": "https://github.com/juriansluiman/ZfcAdmin",
            "keywords": [
                "zf2"
            ]
        },
        {
            "name": "zf-commons/zfc-base",
            "version": "dev-master",
            "source": {
                "type": "git",
                "url": "git://github.com/ZF-Commons/ZfcBase.git",
                "reference": "38990ad5f51002dd271ab676b90a3d59728190e2"
            },
            "dist": {
                "type": "zip",
                "url": "https://api.github.com/repos/ZF-Commons/ZfcBase/zipball/38990ad5f51002dd271ab676b90a3d59728190e2",
                "reference": "38990ad5f51002dd271ab676b90a3d59728190e2",
                "shasum": ""
            },
            "require": {
                "php": ">=5.3.3",
                "zendframework/zendframework": "2.*"
            },
            "time": "2012-10-24 17:42:28",
            "type": "library",
            "autoload": {
                "psr-0": {
                    "ZfcBase": "src/"
                },
                "classmap": [
                    "./Module.php"
                ]
            },
            "notification-url": "https://packagist.org/downloads/",
            "authors": [
                {
                    "name": "Kyle Spraggs",
                    "email": "theman@spiffyjr.me",
                    "homepage": "http://www.spiffyjr.me/"
                },
                {
                    "name": "Evan Coury",
                    "email": "me@evancoury.com",
                    "homepage": "http://blog.evan.pro/"
                }
            ],
            "description": "A set of genetic (abstract) classes which are commonly used across multiple modules.",
            "homepage": "https://github.com/ZF-Commons/ZfcBase",
            "keywords": [
                "zf2"
            ]
        },
        {
            "name": "zf-commons/zfc-user",
            "version": "dev-master",
            "source": {
                "type": "git",
                "url": "git://github.com/ZF-Commons/ZfcUser.git",
                "reference": "700b38f5649fb99056bb3d3adb840ac73f11747c"
            },
            "dist": {
                "type": "zip",
                "url": "https://api.github.com/repos/ZF-Commons/ZfcUser/zipball/700b38f5649fb99056bb3d3adb840ac73f11747c",
                "reference": "700b38f5649fb99056bb3d3adb840ac73f11747c",
                "shasum": ""
            },
            "require": {
                "php": ">=5.3.3",
                "zf-commons/zfc-base": "dev-master",
                "zendframework/zendframework": "2.*"
            },
            "time": "2013-02-02 22:45:32",
            "type": "library",
            "autoload": {
                "psr-0": {
                    "ZfcUser": "src/"
                },
                "classmap": [
                    "./Module.php"
                ]
            },
            "notification-url": "https://packagist.org/downloads/",
            "authors": [
                {
                    "name": "Kyle Spraggs",
                    "email": "theman@spiffyjr.me",
                    "homepage": "http://www.spiffyjr.me/"
                },
                {
                    "name": "Evan Coury",
                    "email": "me@evancoury.com",
                    "homepage": "http://blog.evan.pro/"
                }
            ],
            "description": "A generic user registration and authentication module for ZF2. Supports Zend\\Db and Doctrine2.",
            "homepage": "https://github.com/ZF-Commons/ZfcUser",
            "keywords": [
                "zf2"
            ]
        }
    ],
    "packages-dev": null,
    "aliases": [

    ],
    "minimum-stability": "stable",
    "stability-flags": {
        "zendframework/zendframework": 20,
        "zendframework/zftool": 20,
        "zf-commons/zfc-base": 20,
        "zf-commons/zfc-user": 20,
        "bjyoungblood/bjy-authorize": 20,
        "zf-commons/zfc-admin": 20
    }
}
